
Microsoft Visual Studio Solution File, Format Version 12.00
# Visual Studio Version 17
VisualStudioVersion = 17.3.32901.215
MinimumVisualStudioVersion = 10.0.40219.1
Project("{FAE04EC0-301F-11D3-BF4B-00C04F79EFBC}") = "constants and variables", "constants and variables.csproj", "{EEF80D13-0760-4349-BACA-401EBD67DB6C}"
EndProject
Global
	GlobalSection(SolutionConfigurationPlatforms) = preSolution
		Debug|Any CPU = Debug|Any CPU
		Release|Any CPU = Release|Any CPU
	EndGlobalSection
	GlobalSection(ProjectConfigurationPlatforms) = postSolution
		{EEF80D13-0760-4349-BACA-401EBD67DB6C}.Debug|Any CPU.ActiveCfg = Debug|Any CPU
		{EEF80D13-0760-4349-BACA-401EBD67DB6C}.Debug|Any CPU.Build.0 = Debug|Any CPU
		{EEF80D13-0760-4349-BACA-401EBD67DB6C}.Release|Any CPU.ActiveCfg = Release|Any CPU
		{EEF80D13-0760-4349-BACA-401EBD67DB6C}.Release|Any CPU.Build.0 = Release|Any CPU
	EndGlobalSection
	GlobalSection(SolutionProperties) = preSolution
		HideSolutionNode = FALSE
	EndGlobalSection
	GlobalSection(ExtensibilityGlobals) = postSolution
		SolutionGuid = {F7D88B58-06C5-44F1-AD26-EA1F9AF8ECDD}
	EndGlobalSection
EndGlobal
